<?xml version="1.0" encoding="UTF-8" standalone="yes" ?>
<CodeBlocks_project_file>
   <FileVersion major="1" minor="6" />
   <Project>
      <Option title="pdiff" />
      <Option makefile_is_custom="1" />
      <Option compiler="gcc" />
      <Option virtualFolders="CMake Files\;" />
      <Build>
      <Target title="all">
         <Option working_dir="C:/Users/Larry Liu/Desktop/ProjectIrian/workspace/kevsoft-java-image-compare-14b2ee368718/pdiffLIB-build" />
         <Option type="4" />
         <MakeCommands>
            <Build command="C:/Qt/Tools/mingw491_32/bin/mingw32-make.exe -f &quot;C:/Users/Larry Liu/Desktop/ProjectIrian/workspace/kevsoft-java-image-compare-14b2ee368718/pdiffLIB-build/Makefile&quot;  VERBOSE=1 all" />
            <CompileFile command="C:/Qt/Tools/mingw491_32/bin/mingw32-make.exe -f &quot;C:/Users/Larry Liu/Desktop/ProjectIrian/workspace/kevsoft-java-image-compare-14b2ee368718/pdiffLIB-build/Makefile&quot;  VERBOSE=1 &quot;$file&quot;" />
            <Clean command="C:/Qt/Tools/mingw491_32/bin/mingw32-make.exe -f &quot;C:/Users/Larry Liu/Desktop/ProjectIrian/workspace/kevsoft-java-image-compare-14b2ee368718/pdiffLIB-build/Makefile&quot;  VERBOSE=1 clean" />
            <DistClean command="C:/Qt/Tools/mingw491_32/bin/mingw32-make.exe -f &quot;C:/Users/Larry Liu/Desktop/ProjectIrian/workspace/kevsoft-java-image-compare-14b2ee368718/pdiffLIB-build/Makefile&quot;  VERBOSE=1 clean" />
         </MakeCommands>
      </Target>
      <Target title="edit_cache">
         <Option working_dir="C:/Users/Larry Liu/Desktop/ProjectIrian/workspace/kevsoft-java-image-compare-14b2ee368718/pdiffLIB-build" />
         <Option type="4" />
         <MakeCommands>
            <Build command="C:/Qt/Tools/mingw491_32/bin/mingw32-make.exe -f &quot;C:/Users/Larry Liu/Desktop/ProjectIrian/workspace/kevsoft-java-image-compare-14b2ee368718/pdiffLIB-build/Makefile&quot;  VERBOSE=1 edit_cache" />
            <CompileFile command="C:/Qt/Tools/mingw491_32/bin/mingw32-make.exe -f &quot;C:/Users/Larry Liu/Desktop/ProjectIrian/workspace/kevsoft-java-image-compare-14b2ee368718/pdiffLIB-build/Makefile&quot;  VERBOSE=1 &quot;$file&quot;" />
            <Clean command="C:/Qt/Tools/mingw491_32/bin/mingw32-make.exe -f &quot;C:/Users/Larry Liu/Desktop/ProjectIrian/workspace/kevsoft-java-image-compare-14b2ee368718/pdiffLIB-build/Makefile&quot;  VERBOSE=1 clean" />
            <DistClean command="C:/Qt/Tools/mingw491_32/bin/mingw32-make.exe -f &quot;C:/Users/Larry Liu/Desktop/ProjectIrian/workspace/kevsoft-java-image-compare-14b2ee368718/pdiffLIB-build/Makefile&quot;  VERBOSE=1 clean" />
         </MakeCommands>
      </Target>
      <Target title="pdiff">
         <Option output="C:/Users/Larry Liu/Desktop/ProjectIrian/workspace/kevsoft-java-image-compare-14b2ee368718/pdiffLIB-build/libpdiff.dll" prefix_auto="0" extension_auto="0" />
         <Option working_dir="C:/Users/Larry Liu/Desktop/ProjectIrian/workspace/kevsoft-java-image-compare-14b2ee368718/pdiffLIB-build" />
         <Option object_output="./" />
         <Option type="3" />
         <Option compiler="gcc" />
         <Compiler>
            <Add directory="C:/Program Files/Java/jdk1.8.0_05/include" />
            <Add directory="C:/Program Files/Java/jdk1.8.0_05/include/win32" />
            <Add directory="C:/Qt/Tools/mingw491_32/bin/../lib/gcc/i686-w64-mingw32/4.9.1/../../../../i686-w64-mingw32/include" />
            <Add directory="C:/Qt/Tools/mingw491_32/bin/../lib/gcc/i686-w64-mingw32/4.9.1/include" />
            <Add directory="C:/Qt/Tools/mingw491_32/bin/../lib/gcc/i686-w64-mingw32/4.9.1/include-fixed" />
            <Add directory="C:/Qt/Tools/mingw491_32/lib/gcc/../../i686-w64-mingw32/include/c++" />
            <Add directory="C:/Qt/Tools/mingw491_32/lib/gcc/../../i686-w64-mingw32/include/c++/backward" />
            <Add directory="C:/Qt/Tools/mingw491_32/lib/gcc/../../i686-w64-mingw32/include/c++/i686-w64-mingw32" />
         </Compiler>
         <MakeCommands>
            <Build command="C:/Qt/Tools/mingw491_32/bin/mingw32-make.exe -f &quot;C:/Users/Larry Liu/Desktop/ProjectIrian/workspace/kevsoft-java-image-compare-14b2ee368718/pdiffLIB-build/Makefile&quot;  VERBOSE=1 pdiff" />
            <CompileFile command="C:/Qt/Tools/mingw491_32/bin/mingw32-make.exe -f &quot;C:/Users/Larry Liu/Desktop/ProjectIrian/workspace/kevsoft-java-image-compare-14b2ee368718/pdiffLIB-build/Makefile&quot;  VERBOSE=1 &quot;$file&quot;" />
            <Clean command="C:/Qt/Tools/mingw491_32/bin/mingw32-make.exe -f &quot;C:/Users/Larry Liu/Desktop/ProjectIrian/workspace/kevsoft-java-image-compare-14b2ee368718/pdiffLIB-build/Makefile&quot;  VERBOSE=1 clean" />
            <DistClean command="C:/Qt/Tools/mingw491_32/bin/mingw32-make.exe -f &quot;C:/Users/Larry Liu/Desktop/ProjectIrian/workspace/kevsoft-java-image-compare-14b2ee368718/pdiffLIB-build/Makefile&quot;  VERBOSE=1 clean" />
         </MakeCommands>
      </Target>
      <Target title="pdiff/fast">
         <Option output="C:/Users/Larry Liu/Desktop/ProjectIrian/workspace/kevsoft-java-image-compare-14b2ee368718/pdiffLIB-build/libpdiff.dll" prefix_auto="0" extension_auto="0" />
         <Option working_dir="C:/Users/Larry Liu/Desktop/ProjectIrian/workspace/kevsoft-java-image-compare-14b2ee368718/pdiffLIB-build" />
         <Option object_output="./" />
         <Option type="3" />
         <Option compiler="gcc" />
         <Compiler>
            <Add directory="C:/Program Files/Java/jdk1.8.0_05/include" />
            <Add directory="C:/Program Files/Java/jdk1.8.0_05/include/win32" />
            <Add directory="C:/Qt/Tools/mingw491_32/bin/../lib/gcc/i686-w64-mingw32/4.9.1/../../../../i686-w64-mingw32/include" />
            <Add directory="C:/Qt/Tools/mingw491_32/bin/../lib/gcc/i686-w64-mingw32/4.9.1/include" />
            <Add directory="C:/Qt/Tools/mingw491_32/bin/../lib/gcc/i686-w64-mingw32/4.9.1/include-fixed" />
            <Add directory="C:/Qt/Tools/mingw491_32/lib/gcc/../../i686-w64-mingw32/include/c++" />
            <Add directory="C:/Qt/Tools/mingw491_32/lib/gcc/../../i686-w64-mingw32/include/c++/backward" />
            <Add directory="C:/Qt/Tools/mingw491_32/lib/gcc/../../i686-w64-mingw32/include/c++/i686-w64-mingw32" />
         </Compiler>
         <MakeCommands>
            <Build command="C:/Qt/Tools/mingw491_32/bin/mingw32-make.exe -f &quot;C:/Users/Larry Liu/Desktop/ProjectIrian/workspace/kevsoft-java-image-compare-14b2ee368718/pdiffLIB-build/Makefile&quot;  VERBOSE=1 pdiff/fast" />
            <CompileFile command="C:/Qt/Tools/mingw491_32/bin/mingw32-make.exe -f &quot;C:/Users/Larry Liu/Desktop/ProjectIrian/workspace/kevsoft-java-image-compare-14b2ee368718/pdiffLIB-build/Makefile&quot;  VERBOSE=1 &quot;$file&quot;" />
            <Clean command="C:/Qt/Tools/mingw491_32/bin/mingw32-make.exe -f &quot;C:/Users/Larry Liu/Desktop/ProjectIrian/workspace/kevsoft-java-image-compare-14b2ee368718/pdiffLIB-build/Makefile&quot;  VERBOSE=1 clean" />
            <DistClean command="C:/Qt/Tools/mingw491_32/bin/mingw32-make.exe -f &quot;C:/Users/Larry Liu/Desktop/ProjectIrian/workspace/kevsoft-java-image-compare-14b2ee368718/pdiffLIB-build/Makefile&quot;  VERBOSE=1 clean" />
         </MakeCommands>
      </Target>
      <Target title="rebuild_cache">
         <Option working_dir="C:/Users/Larry Liu/Desktop/ProjectIrian/workspace/kevsoft-java-image-compare-14b2ee368718/pdiffLIB-build" />
         <Option type="4" />
         <MakeCommands>
            <Build command="C:/Qt/Tools/mingw491_32/bin/mingw32-make.exe -f &quot;C:/Users/Larry Liu/Desktop/ProjectIrian/workspace/kevsoft-java-image-compare-14b2ee368718/pdiffLIB-build/Makefile&quot;  VERBOSE=1 rebuild_cache" />
            <CompileFile command="C:/Qt/Tools/mingw491_32/bin/mingw32-make.exe -f &quot;C:/Users/Larry Liu/Desktop/ProjectIrian/workspace/kevsoft-java-image-compare-14b2ee368718/pdiffLIB-build/Makefile&quot;  VERBOSE=1 &quot;$file&quot;" />
            <Clean command="C:/Qt/Tools/mingw491_32/bin/mingw32-make.exe -f &quot;C:/Users/Larry Liu/Desktop/ProjectIrian/workspace/kevsoft-java-image-compare-14b2ee368718/pdiffLIB-build/Makefile&quot;  VERBOSE=1 clean" />
            <DistClean command="C:/Qt/Tools/mingw491_32/bin/mingw32-make.exe -f &quot;C:/Users/Larry Liu/Desktop/ProjectIrian/workspace/kevsoft-java-image-compare-14b2ee368718/pdiffLIB-build/Makefile&quot;  VERBOSE=1 clean" />
         </MakeCommands>
      </Target>
      </Build>
      <Unit filename="C:/Users/Larry Liu/Desktop/ProjectIrian/workspace/kevsoft-java-image-compare-14b2ee368718/pdiffLIB/CompareArgs.cpp">
         <Option target="pdiff"/>
      </Unit>
      <Unit filename="C:/Users/Larry Liu/Desktop/ProjectIrian/workspace/kevsoft-java-image-compare-14b2ee368718/pdiffLIB/CompareArgs.h">
         <Option target="pdiff"/>
      </Unit>
      <Unit filename="C:/Users/Larry Liu/Desktop/ProjectIrian/workspace/kevsoft-java-image-compare-14b2ee368718/pdiffLIB/LPyramid.cpp">
         <Option target="pdiff"/>
      </Unit>
      <Unit filename="C:/Users/Larry Liu/Desktop/ProjectIrian/workspace/kevsoft-java-image-compare-14b2ee368718/pdiffLIB/LPyramid.h">
         <Option target="pdiff"/>
      </Unit>
      <Unit filename="C:/Users/Larry Liu/Desktop/ProjectIrian/workspace/kevsoft-java-image-compare-14b2ee368718/pdiffLIB/Metric.cpp">
         <Option target="pdiff"/>
      </Unit>
      <Unit filename="C:/Users/Larry Liu/Desktop/ProjectIrian/workspace/kevsoft-java-image-compare-14b2ee368718/pdiffLIB/Metric.h">
         <Option target="pdiff"/>
      </Unit>
      <Unit filename="C:/Users/Larry Liu/Desktop/ProjectIrian/workspace/kevsoft-java-image-compare-14b2ee368718/pdiffLIB/PerceptualDiff.cpp">
         <Option target="pdiff"/>
      </Unit>
      <Unit filename="C:/Users/Larry Liu/Desktop/ProjectIrian/workspace/kevsoft-java-image-compare-14b2ee368718/pdiffLIB/RGBAImage.cpp">
         <Option target="pdiff"/>
      </Unit>
      <Unit filename="C:/Users/Larry Liu/Desktop/ProjectIrian/workspace/kevsoft-java-image-compare-14b2ee368718/pdiffLIB/RGBAImage.h">
         <Option target="pdiff"/>
      </Unit>
      <Unit filename="C:/Users/Larry Liu/Desktop/ProjectIrian/workspace/kevsoft-java-image-compare-14b2ee368718/pdiffLIB/org_kevsoft_imagecompare_PdiffImageCompare.cpp">
         <Option target="pdiff"/>
      </Unit>
      <Unit filename="C:/Users/Larry Liu/Desktop/ProjectIrian/workspace/kevsoft-java-image-compare-14b2ee368718/pdiffLIB/org_kevsoft_imagecompare_PdiffImageCompare.h">
         <Option target="pdiff"/>
      </Unit>
      <Unit filename="C:/Users/Larry Liu/Desktop/ProjectIrian/workspace/kevsoft-java-image-compare-14b2ee368718/pdiffLIB/CMakeLists.txt">
          <Option virtualFolder="CMake Files\" />
      </Unit>
   </Project>
</CodeBlocks_project_file>
